
Microsoft Visual Studio Solution File, Format Version 12.00
# Visual Studio Version 17
VisualStudioVersion = 17.1.32319.34
MinimumVisualStudioVersion = 10.0.40219.1
Project("{FAE04EC0-301F-11D3-BF4B-00C04F79EFBC}") = "Sorular.cs", "algoritma.cs\Sorular.cs.csproj", "{4768194E-07BF-498A-93F8-8A7A53C203F6}"
EndProject
Global
	GlobalSection(SolutionConfigurationPlatforms) = preSolution
		Debug|Any CPU = Debug|Any CPU
		Release|Any CPU = Release|Any CPU
	EndGlobalSection
	GlobalSection(ProjectConfigurationPlatforms) = postSolution
		{4768194E-07BF-498A-93F8-8A7A53C203F6}.Debug|Any CPU.ActiveCfg = Debug|Any CPU
		{4768194E-07BF-498A-93F8-8A7A53C203F6}.Debug|Any CPU.Build.0 = Debug|Any CPU
		{4768194E-07BF-498A-93F8-8A7A53C203F6}.Release|Any CPU.ActiveCfg = Release|Any CPU
		{4768194E-07BF-498A-93F8-8A7A53C203F6}.Release|Any CPU.Build.0 = Release|Any CPU
	EndGlobalSection
	GlobalSection(SolutionProperties) = preSolution
		HideSolutionNode = FALSE
	EndGlobalSection
	GlobalSection(ExtensibilityGlobals) = postSolution
		SolutionGuid = {F6393A3A-5CF8-4616-8266-9B81AB8921C8}
	EndGlobalSection
EndGlobal
